dependencies:
  M5GFX:
    component_hash: 467ec8552907452b05e928666f38af8586e7d4f80b52a3d44131469485783e2e
    source:
      git: https://github.com/m5stack/M5GFX.git
      path: .
      type: git
    version: 53a7184601f3667b030ba141c58b87ce2acfaa2a
  M5Unified:
    component_hash: e3caef7699b9e68db968883cefff7308fe7ea6abc81bfaa13120855bdab90003
    source:
      git: https://github.com/m5stack/M5Unified.git
      path: .
      type: git
    version: 28c6a1f03d05f3ff3216adc89b09c9328448ad53
  h2zero/esp-nimble-cpp:
    component_hash: ecdcabe83333948495103f9d62e4ecb651bff866fce123d00bfc106baa383e54
    source:
      service_url: https://api.components.espressif.com/
      type: service
    version: 2.3.4
  idf:
    component_hash: null
    source:
      type: idf
    version: 5.4.2
  lvgl/lvgl:
    component_hash: 17e68bfd21f0edf4c3ee838e2273da840bf3930e5dbc3bfa6c1190c3aed41f9f
    source:
      service_url: https://api.components.espressif.com/
      type: service
    version: 9.4.0
manifest_hash: 5d1df899a183c62cee32d54f6fe9756ceabf32ddcc7fc7884db01c13659740a7
target: esp32
version: 1.0.0
