dependencies:
  h2zero/esp-nimble-cpp:
    component_hash: b018d62032c3ba6386ea2aa6d4a1638408a9210b1d0529b1eb194a52f3a3fc2c
    source:
      service_url: https://api.components.espressif.com/
      type: service
    version: 2.3.2
  idf:
    component_hash: null
    source:
      type: idf
    version: 5.4.2
manifest_hash: c3b886ad15469890bb4e0c155c42ca81e9df112c65a99d81f49b253c8e3805a4
target: esp32
version: 1.0.0
